<Solution>
  <Folder Name="/Launcher/">
    <Project Path="src/launcher/TCMine.Launcher.Core/TCMine.Launcher.Core.csproj" />
    <Project Path="src/launcher/TCMine.Launcher.Infrastructure/TCMine.Launcher.Infrastructure.csproj" />
  </Folder>
  <Folder Name="/Server/">
    <Project Path="src/server/TCMine.Server.Domain/TCMine.Server.Domain.csproj" />
    <Project Path="src/server/TCMine.Server.Application/TCMine.Server.Application.csproj" />
    <Project Path="src/server/TCMine.Server.Infrastructure.Sqlite/TCMine.Server.Infrastructure.Sqlite.csproj" />
    <Project Path="src/server/TCMine.Server.Infrastructure/TCMine.Server.Infrastructure.csproj" />
    <Project Path="src/server/TCMine.Server.Infrastructure.Postgres/TCMine.Server.Infrastructure.Postgres.csproj" />
    <Project Path="src/server/TCMine.Server.Web/TCMine.Server.Web.csproj" />
  </Folder>
  <Folder Name="/Shared/">
    <Project Path="src/shared/TCMine.Contracts/TCMine.Contracts.csproj" />
    <Project Path="src/shared/TCMine.UI.Shared/TCMine.UI.Shared.csproj" />
  </Folder>
  <Folder Name="/Tests/">
    <File Path="tests/Directory.Build.props" />
    <Project Path="tests/TCMine.Architecture.Tests/TCMine.Architecture.Tests.csproj" />
    <Project Path="tests/TCMine.Launcher.Core.Tests/TCMine.Launcher.Core.Tests.csproj" />
    <Project Path="tests/TCMine.Server.Application.Tests/TCMine.Server.Application.Tests.csproj" />
    <Project Path="tests/TCMine.Server.Infrastructure.Tests/TCMine.Server.Infrastructure.Tests.csproj" />
    <Project Path="tests/TCMine.Server.Web.Tests/TCMine.Server.Web.Tests.csproj" />
  </Folder>
  <Folder Name="/_build/">
    <File Path="build/add-migration.ps1" />
    <File Path="build/add-migration.sh" />
  </Folder>
  <Folder Name="/_docs/">
    <File Path="docs/DEPLOY.md" />
    <File Path="docs/RELEASE.md" />
  </Folder>
  <Folder Name="/_root/">
    <File Path=".editorconfig" />
    <File Path=".gitignore" />
    <File Path="CLAUDE.md" />
    <File Path="Directory.Build.props" />
    <File Path="Directory.Packages.props" />
    <File Path="docker-compose.yml" />
    <File Path="Dockerfile" />
    <File Path="global.json" />
  </Folder>
  <Folder Name="/_scripts/">
    <File Path="scripts/tc" />
  </Folder>
</Solution>
